
Microsoft Visual Studio Solution File, Format Version 12.00
# Visual Studio Version 16
VisualStudioVersion = 16.0.31702.278
MinimumVisualStudioVersion = 10.0.40219.1
Project("{8BC9CEB8-8B4A-11D0-8D11-00A0C91BC942}") = "Compulsory3", "Compulsory3\Compulsory3.vcxproj", "{60C49C7D-011F-4E06-8CDC-F37B6FAB6143}"
EndProject
Global
	GlobalSection(SolutionConfigurationPlatforms) = preSolution
		Debug|x64 = Debug|x64
		Debug|x86 = Debug|x86
		Release|x64 = Release|x64
		Release|x86 = Release|x86
	EndGlobalSection
	GlobalSection(ProjectConfigurationPlatforms) = postSolution
		{60C49C7D-011F-4E06-8CDC-F37B6FAB6143}.Debug|x64.ActiveCfg = Debug|x64
		{60C49C7D-011F-4E06-8CDC-F37B6FAB6143}.Debug|x64.Build.0 = Debug|x64
		{60C49C7D-011F-4E06-8CDC-F37B6FAB6143}.Debug|x86.ActiveCfg = Debug|Win32
		{60C49C7D-011F-4E06-8CDC-F37B6FAB6143}.Debug|x86.Build.0 = Debug|Win32
		{60C49C7D-011F-4E06-8CDC-F37B6FAB6143}.Release|x64.ActiveCfg = Release|x64
		{60C49C7D-011F-4E06-8CDC-F37B6FAB6143}.Release|x64.Build.0 = Release|x64
		{60C49C7D-011F-4E06-8CDC-F37B6FAB6143}.Release|x86.ActiveCfg = Release|Win32
		{60C49C7D-011F-4E06-8CDC-F37B6FAB6143}.Release|x86.Build.0 = Release|Win32
	EndGlobalSection
	GlobalSection(SolutionProperties) = preSolution
		HideSolutionNode = FALSE
	EndGlobalSection
	GlobalSection(ExtensibilityGlobals) = postSolution
		SolutionGuid = {4A2A7203-CC69-49BA-AAB6-77F72E8D16C8}
	EndGlobalSection
EndGlobal
